
Microsoft Visual Studio Solution File, Format Version 12.00
# Visual Studio Version 17
VisualStudioVersion = 17.5.33502.453
MinimumVisualStudioVersion = 10.0.40219.1
Project("{FAE04EC0-301F-11D3-BF4B-00C04F79EFBC}") = "CRUDMahasiswaADO1", "CRUDMahasiswaADO1\CRUDMahasiswaADO1.csproj", "{C09FE705-20AB-49D7-94E2-A6B92C85D01C}"
EndProject
Global
	GlobalSection(SolutionConfigurationPlatforms) = preSolution
		Debug|Any CPU = Debug|Any CPU
		Release|Any CPU = Release|Any CPU
	EndGlobalSection
	GlobalSection(ProjectConfigurationPlatforms) = postSolution
		{C09FE705-20AB-49D7-94E2-A6B92C85D01C}.Debug|Any CPU.ActiveCfg = Debug|Any CPU
		{C09FE705-20AB-49D7-94E2-A6B92C85D01C}.Debug|Any CPU.Build.0 = Debug|Any CPU
		{C09FE705-20AB-49D7-94E2-A6B92C85D01C}.Release|Any CPU.ActiveCfg = Release|Any CPU
		{C09FE705-20AB-49D7-94E2-A6B92C85D01C}.Release|Any CPU.Build.0 = Release|Any CPU
	EndGlobalSection
	GlobalSection(SolutionProperties) = preSolution
		HideSolutionNode = FALSE
	EndGlobalSection
	GlobalSection(ExtensibilityGlobals) = postSolution
		SolutionGuid = {5CCB6F08-C9CE-4D49-BE57-AC254DC378E1}
	EndGlobalSection
EndGlobal
